
Microsoft Visual Studio Solution File, Format Version 12.00
# Visual Studio Version 16
VisualStudioVersion = 16.0.29806.167
MinimumVisualStudioVersion = 10.0.40219.1
Project("{9A19103F-16F7-4668-BE54-9A1E7A4F7556}") = "IPSCRulesLibrary", "IPSCRulesLibrary\IPSCRulesLibrary.csproj", "{8BD27465-0DF5-4C44-B675-47B06706AAB9}"
EndProject
Project("{FAE04EC0-301F-11D3-BF4B-00C04F79EFBC}") = "ConsoleUtility", "ConsoleUtility\ConsoleUtility.csproj", "{443BD7D9-869C-423B-9727-426FBD563F60}"
EndProject
Global
	GlobalSection(SolutionConfigurationPlatforms) = preSolution
		Debug|Any CPU = Debug|Any CPU
		Release|Any CPU = Release|Any CPU
	EndGlobalSection
	GlobalSection(ProjectConfigurationPlatforms) = postSolution
		{8BD27465-0DF5-4C44-B675-47B06706AAB9}.Debug|Any CPU.ActiveCfg = Debug|Any CPU
		{8BD27465-0DF5-4C44-B675-47B06706AAB9}.Debug|Any CPU.Build.0 = Debug|Any CPU
		{8BD27465-0DF5-4C44-B675-47B06706AAB9}.Release|Any CPU.ActiveCfg = Release|Any CPU
		{8BD27465-0DF5-4C44-B675-47B06706AAB9}.Release|Any CPU.Build.0 = Release|Any CPU
		{443BD7D9-869C-423B-9727-426FBD563F60}.Debug|Any CPU.ActiveCfg = Debug|Any CPU
		{443BD7D9-869C-423B-9727-426FBD563F60}.Debug|Any CPU.Build.0 = Debug|Any CPU
		{443BD7D9-869C-423B-9727-426FBD563F60}.Release|Any CPU.ActiveCfg = Release|Any CPU
		{443BD7D9-869C-423B-9727-426FBD563F60}.Release|Any CPU.Build.0 = Release|Any CPU
	EndGlobalSection
	GlobalSection(SolutionProperties) = preSolution
		HideSolutionNode = FALSE
	EndGlobalSection
	GlobalSection(ExtensibilityGlobals) = postSolution
		SolutionGuid = {C4C1526B-70C4-443D-82EF-E9EB8F71E380}
	EndGlobalSection
EndGlobal
